// !$*UTF8*$!
{
	archiveVersion = 1;
	classes = {
	};
	objectVersion = 50;
	objects = {

/* Begin PBXBuildFile section */
		7A08B24722DDB33C00F74673 /* CustomImageButton.swift in Sources */ = {isa = PBXBuildFile; fileRef = 7A08B24622DDB33C00F74673 /* CustomImageButton.swift */; };
		7A08B24922DDBA2700F74673 /* ObjectGenreCell.swift in Sources */ = {isa = PBXBuildFile; fileRef = 7A08B24822DDBA2700F74673 /* ObjectGenreCell.swift */; };
		7A08B24B22DDBA6700F74673 /* ObjectGenreController.swift in Sources */ = {isa = PBXBuildFile; fileRef = 7A08B24A22DDBA6700F74673 /* ObjectGenreController.swift */; };
		7A58214A22DC918B004D18BB /* High2.jpg in Resources */ = {isa = PBXBuildFile; fileRef = 7A58214722DC918A004D18BB /* High2.jpg */; };
		7A58214B22DC918B004D18BB /* Low2.jpg in Resources */ = {isa = PBXBuildFile; fileRef = 7A58214822DC918A004D18BB /* Low2.jpg */; };
		7A58214C22DC918B004D18BB /* Eye2.jpg in Resources */ = {isa = PBXBuildFile; fileRef = 7A58214922DC918B004D18BB /* Eye2.jpg */; };
		7A73B90822D9B9CB002E2231 /* Backup.storyboard in Resources */ = {isa = PBXBuildFile; fileRef = 7A73B90722D9B9CB002E2231 /* Backup.storyboard */; };
		7A73B90A22D9BFF9002E2231 /* ComparingController.swift in Sources */ = {isa = PBXBuildFile; fileRef = 7A73B90922D9BFF9002E2231 /* ComparingController.swift */; };
		7A73B90E22D9C0E7002E2231 /* Low.jpg in Resources */ = {isa = PBXBuildFile; fileRef = 7A73B90B22D9C0E7002E2231 /* Low.jpg */; };
		7A73B90F22D9C0E7002E2231 /* Eye.jpg in Resources */ = {isa = PBXBuildFile; fileRef = 7A73B90C22D9C0E7002E2231 /* Eye.jpg */; };
		7A73B91022D9C0E7002E2231 /* High.jpg in Resources */ = {isa = PBXBuildFile; fileRef = 7A73B90D22D9C0E7002E2231 /* High.jpg */; };
		7A73B91222D9DF15002E2231 /* TipsShareController.swift in Sources */ = {isa = PBXBuildFile; fileRef = 7A73B91122D9DF15002E2231 /* TipsShareController.swift */; };
		7A73B91422D9FDC0002E2231 /* CustomButton.swift in Sources */ = {isa = PBXBuildFile; fileRef = 7A73B91322D9FDC0002E2231 /* CustomButton.swift */; };
		7F0F469522DEE15D0023D3F3 /* ObjectGenreModel.swift in Sources */ = {isa = PBXBuildFile; fileRef = 7F0F469422DEE15D0023D3F3 /* ObjectGenreModel.swift */; };
		7F1CF8DF22CD0E480062DB61 /* AppDelegate.swift in Sources */ = {isa = PBXBuildFile; fileRef = 7F1CF8DE22CD0E480062DB61 /* AppDelegate.swift */; };
		7F1CF8E422CD0E480062DB61 /* Main.storyboard in Resources */ = {isa = PBXBuildFile; fileRef = 7F1CF8E222CD0E480062DB61 /* Main.storyboard */; };
		7F1CF8E722CD0E480062DB61 /* tryangle.xcdatamodeld in Sources */ = {isa = PBXBuildFile; fileRef = 7F1CF8E522CD0E480062DB61 /* tryangle.xcdatamodeld */; };
		7F1CF8E922CD0E490062DB61 /* Assets.xcassets in Resources */ = {isa = PBXBuildFile; fileRef = 7F1CF8E822CD0E490062DB61 /* Assets.xcassets */; };
		7F1CF8EC22CD0E490062DB61 /* LaunchScreen.storyboard in Resources */ = {isa = PBXBuildFile; fileRef = 7F1CF8EA22CD0E490062DB61 /* LaunchScreen.storyboard */; };
		7F1CF8F922CD113C0062DB61 /* CameraController.swift in Sources */ = {isa = PBXBuildFile; fileRef = 7F1CF8F822CD113C0062DB61 /* CameraController.swift */; };
		7F2E5B0522DB128000E5E8E7 /* VirtualPlane.swift in Sources */ = {isa = PBXBuildFile; fileRef = 7F2E5B0422DB128000E5E8E7 /* VirtualPlane.swift */; };
		7F3ED3E422DCE2F60002138C /* HelperState.swift in Sources */ = {isa = PBXBuildFile; fileRef = 7F3ED3E322DCE2F60002138C /* HelperState.swift */; };
		7F3ED3E622DCE4B90002138C /* ARSCNCameraView.swift in Sources */ = {isa = PBXBuildFile; fileRef = 7F3ED3E522DCE4B90002138C /* ARSCNCameraView.swift */; };
		7F3ED3E822DCE7870002138C /* Extensions+ARSCNView.swift in Sources */ = {isa = PBXBuildFile; fileRef = 7F3ED3E722DCE7870002138C /* Extensions+ARSCNView.swift */; };
		7F3ED3EC22DD067E0002138C /* ObjectMedia.scnassets in Resources */ = {isa = PBXBuildFile; fileRef = 7F3ED3EB22DD067E0002138C /* ObjectMedia.scnassets */; };
		7F60F4FC22CD29AB00D23178 /* liveCameraView.swift in Sources */ = {isa = PBXBuildFile; fileRef = 7F60F4FB22CD29AB00D23178 /* liveCameraView.swift */; };
		7F93AD1E22D47E1A007ED2C0 /* ARCameraController.swift in Sources */ = {isa = PBXBuildFile; fileRef = 7F93AD1D22D47E1A007ED2C0 /* ARCameraController.swift */; };
		7F95ABCC22D593DD00868484 /* GenreController.swift in Sources */ = {isa = PBXBuildFile; fileRef = 7F95ABCB22D593DD00868484 /* GenreController.swift */; };
		7F95ABCF22D5994A00868484 /* GenreCell.swift in Sources */ = {isa = PBXBuildFile; fileRef = 7F95ABCE22D5994A00868484 /* GenreCell.swift */; };
		7F95ABD122D59A9100868484 /* Estensions+UIView.swift in Sources */ = {isa = PBXBuildFile; fileRef = 7F95ABD022D59A9100868484 /* Estensions+UIView.swift */; };
		7F96B68722D869D000FEACDA /* GridCameraView.swift in Sources */ = {isa = PBXBuildFile; fileRef = 7F96B68622D869D000FEACDA /* GridCameraView.swift */; };
		7FAC989A22DDC454007F6957 /* GenreModel.swift in Sources */ = {isa = PBXBuildFile; fileRef = 7FAC989922DDC454007F6957 /* GenreModel.swift */; };
/* End PBXBuildFile section */

/* Begin PBXFileReference section */
		7A08B24622DDB33C00F74673 /* CustomImageButton.swift */ = {isa = PBXFileReference; lastKnownFileType = sourcecode.swift; path = CustomImageButton.swift; sourceTree = "<group>"; };
		7A08B24822DDBA2700F74673 /* ObjectGenreCell.swift */ = {isa = PBXFileReference; lastKnownFileType = sourcecode.swift; path = ObjectGenreCell.swift; sourceTree = "<group>"; };
		7A08B24A22DDBA6700F74673 /* ObjectGenreController.swift */ = {isa = PBXFileReference; lastKnownFileType = sourcecode.swift; path = ObjectGenreController.swift; sourceTree = "<group>"; };
		7A58214722DC918A004D18BB /* High2.jpg */ = {isa = PBXFileReference; lastKnownFileType = image.jpeg; path = High2.jpg; sourceTree = "<group>"; };
		7A58214822DC918A004D18BB /* Low2.jpg */ = {isa = PBXFileReference; lastKnownFileType = image.jpeg; path = Low2.jpg; sourceTree = "<group>"; };
		7A58214922DC918B004D18BB /* Eye2.jpg */ = {isa = PBXFileReference; lastKnownFileType = image.jpeg; path = Eye2.jpg; sourceTree = "<group>"; };
		7A73B90722D9B9CB002E2231 /* Backup.storyboard */ = {isa = PBXFileReference; lastKnownFileType = file.storyboard; path = Backup.storyboard; sourceTree = "<group>"; };
		7A73B90922D9BFF9002E2231 /* ComparingController.swift */ = {isa = PBXFileReference; lastKnownFileType = sourcecode.swift; path = ComparingController.swift; sourceTree = "<group>"; };
		7A73B90B22D9C0E7002E2231 /* Low.jpg */ = {isa = PBXFileReference; lastKnownFileType = image.jpeg; path = Low.jpg; sourceTree = "<group>"; };
		7A73B90C22D9C0E7002E2231 /* Eye.jpg */ = {isa = PBXFileReference; lastKnownFileType = image.jpeg; path = Eye.jpg; sourceTree = "<group>"; };
		7A73B90D22D9C0E7002E2231 /* High.jpg */ = {isa = PBXFileReference; lastKnownFileType = image.jpeg; path = High.jpg; sourceTree = "<group>"; };
		7A73B91122D9DF15002E2231 /* TipsShareController.swift */ = {isa = PBXFileReference; lastKnownFileType = sourcecode.swift; path = TipsShareController.swift; sourceTree = "<group>"; };
		7A73B91322D9FDC0002E2231 /* CustomButton.swift */ = {isa = PBXFileReference; lastKnownFileType = sourcecode.swift; path = CustomButton.swift; sourceTree = "<group>"; };
		7F0F469422DEE15D0023D3F3 /* ObjectGenreModel.swift */ = {isa = PBXFileReference; lastKnownFileType = sourcecode.swift; path = ObjectGenreModel.swift; sourceTree = "<group>"; };
		7F1CF8DB22CD0E480062DB61 /* tryangle.app */ = {isa = PBXFileReference; explicitFileType = wrapper.application; includeInIndex = 0; path = tryangle.app; sourceTree = BUILT_PRODUCTS_DIR; };
		7F1CF8DE22CD0E480062DB61 /* AppDelegate.swift */ = {isa = PBXFileReference; lastKnownFileType = sourcecode.swift; path = AppDelegate.swift; sourceTree = "<group>"; };
		7F1CF8E322CD0E480062DB61 /* Base */ = {isa = PBXFileReference; lastKnownFileType = file.storyboard; name = Base; path = Base.lproj/Main.storyboard; sourceTree = "<group>"; };
		7F1CF8E622CD0E480062DB61 /* tryangle.xcdatamodel */ = {isa = PBXFileReference; lastKnownFileType = wrapper.xcdatamodel; path = tryangle.xcdatamodel; sourceTree = "<group>"; };
		7F1CF8E822CD0E490062DB61 /* Assets.xcassets */ = {isa = PBXFileReference; lastKnownFileType = folder.assetcatalog; path = Assets.xcassets; sourceTree = "<group>"; };
		7F1CF8EB22CD0E490062DB61 /* Base */ = {isa = PBXFileReference; lastKnownFileType = file.storyboard; name = Base; path = Base.lproj/LaunchScreen.storyboard; sourceTree = "<group>"; };
		7F1CF8ED22CD0E490062DB61 /* Info.plist */ = {isa = PBXFileReference; lastKnownFileType = text.plist.xml; path = Info.plist; sourceTree = "<group>"; };
		7F1CF8F822CD113C0062DB61 /* CameraController.swift */ = {isa = PBXFileReference; lastKnownFileType = sourcecode.swift; path = CameraController.swift; sourceTree = "<group>"; };
		7F2E5B0422DB128000E5E8E7 /* VirtualPlane.swift */ = {isa = PBXFileReference; lastKnownFileType = sourcecode.swift; path = VirtualPlane.swift; sourceTree = "<group>"; };
		7F3ED3E322DCE2F60002138C /* HelperState.swift */ = {isa = PBXFileReference; lastKnownFileType = sourcecode.swift; path = HelperState.swift; sourceTree = "<group>"; };
		7F3ED3E522DCE4B90002138C /* ARSCNCameraView.swift */ = {isa = PBXFileReference; lastKnownFileType = sourcecode.swift; path = ARSCNCameraView.swift; sourceTree = "<group>"; };
		7F3ED3E722DCE7870002138C /* Extensions+ARSCNView.swift */ = {isa = PBXFileReference; lastKnownFileType = sourcecode.swift; path = "Extensions+ARSCNView.swift"; sourceTree = "<group>"; };
		7F3ED3EB22DD067E0002138C /* ObjectMedia.scnassets */ = {isa = PBXFileReference; lastKnownFileType = wrapper.scnassets; path = ObjectMedia.scnassets; sourceTree = "<group>"; };
		7F60F4FB22CD29AB00D23178 /* liveCameraView.swift */ = {isa = PBXFileReference; lastKnownFileType = sourcecode.swift; path = liveCameraView.swift; sourceTree = "<group>"; };
		7F93AD1D22D47E1A007ED2C0 /* ARCameraController.swift */ = {isa = PBXFileReference; lastKnownFileType = sourcecode.swift; path = ARCameraController.swift; sourceTree = "<group>"; };
		7F95ABCB22D593DD00868484 /* GenreController.swift */ = {isa = PBXFileReference; lastKnownFileType = sourcecode.swift; path = GenreController.swift; sourceTree = "<group>"; };
		7F95ABCE22D5994A00868484 /* GenreCell.swift */ = {isa = PBXFileReference; lastKnownFileType = sourcecode.swift; path = GenreCell.swift; sourceTree = "<group>"; };
		7F95ABD022D59A9100868484 /* Estensions+UIView.swift */ = {isa = PBXFileReference; lastKnownFileType = sourcecode.swift; path = "Estensions+UIView.swift"; sourceTree = "<group>"; };
		7F96B68622D869D000FEACDA /* GridCameraView.swift */ = {isa = PBXFileReference; lastKnownFileType = sourcecode.swift; path = GridCameraView.swift; sourceTree = "<group>"; };
		7FAC989922DDC454007F6957 /* GenreModel.swift */ = {isa = PBXFileReference; lastKnownFileType = sourcecode.swift; path = GenreModel.swift; sourceTree = "<group>"; };
/* End PBXFileReference section */

/* Begin PBXFrameworksBuildPhase section */
		7F1CF8D822CD0E480062DB61 /* Frameworks */ = {
			isa = PBXFrameworksBuildPhase;
			buildActionMask = 2147483647;
			files = (
			);
			runOnlyForDeploymentPostprocessing = 0;
		};
/* End PBXFrameworksBuildPhase section */

/* Begin PBXGroup section */
		7A73B90022D9B8C5002E2231 /* Temp Photo */ = {
			isa = PBXGroup;
			children = (
				7A58214922DC918B004D18BB /* Eye2.jpg */,
				7A58214722DC918A004D18BB /* High2.jpg */,
				7A58214822DC918A004D18BB /* Low2.jpg */,
				7A73B90D22D9C0E7002E2231 /* High.jpg */,
				7A73B90C22D9C0E7002E2231 /* Eye.jpg */,
				7A73B90B22D9C0E7002E2231 /* Low.jpg */,
			);
			path = "Temp Photo";
			sourceTree = "<group>";
		};
		7F1CF8D222CD0E480062DB61 = {
			isa = PBXGroup;
			children = (
				7F1CF8DD22CD0E480062DB61 /* tryangle */,
				7F1CF8DC22CD0E480062DB61 /* Products */,
			);
			sourceTree = "<group>";
		};
		7F1CF8DC22CD0E480062DB61 /* Products */ = {
			isa = PBXGroup;
			children = (
				7F1CF8DB22CD0E480062DB61 /* tryangle.app */,
			);
			name = Products;
			sourceTree = "<group>";
		};
		7F1CF8DD22CD0E480062DB61 /* tryangle */ = {
			isa = PBXGroup;
			children = (
				7FAC988E22DDC059007F6957 /* Models */,
				7F3ED3EB22DD067E0002138C /* ObjectMedia.scnassets */,
				7F2E5B0322DB125900E5E8E7 /* Extensions */,
				7A73B90022D9B8C5002E2231 /* Temp Photo */,
				7F93AD1C22D47B73007ED2C0 /* Views */,
				7F1CF8F722CD0EA00062DB61 /* Components */,
				7F1CF8F422CD0E680062DB61 /* Controllers */,
				7F1CF8DE22CD0E480062DB61 /* AppDelegate.swift */,
				7F1CF8E822CD0E490062DB61 /* Assets.xcassets */,
				7F1CF8ED22CD0E490062DB61 /* Info.plist */,
				7F1CF8E522CD0E480062DB61 /* tryangle.xcdatamodeld */,
			);
			path = tryangle;
			sourceTree = "<group>";
		};
		7F1CF8F422CD0E680062DB61 /* Controllers */ = {
			isa = PBXGroup;
			children = (
				7F1CF8F822CD113C0062DB61 /* CameraController.swift */,
				7F93AD1D22D47E1A007ED2C0 /* ARCameraController.swift */,
				7F95ABCB22D593DD00868484 /* GenreController.swift */,
				7A08B24A22DDBA6700F74673 /* ObjectGenreController.swift */,
				7A73B90922D9BFF9002E2231 /* ComparingController.swift */,
				7A73B91122D9DF15002E2231 /* TipsShareController.swift */,
			);
			path = Controllers;
			sourceTree = "<group>";
		};
		7F1CF8F722CD0EA00062DB61 /* Components */ = {
			isa = PBXGroup;
			children = (
				7F60F4FB22CD29AB00D23178 /* liveCameraView.swift */,
				7F95ABCE22D5994A00868484 /* GenreCell.swift */,
				7F96B68622D869D000FEACDA /* GridCameraView.swift */,
				7F3ED3E522DCE4B90002138C /* ARSCNCameraView.swift */,
				7A08B24822DDBA2700F74673 /* ObjectGenreCell.swift */,
				7A73B91322D9FDC0002E2231 /* CustomButton.swift */,
				7A08B24622DDB33C00F74673 /* CustomImageButton.swift */,
			);
			path = Components;
			sourceTree = "<group>";
		};
		7F2E5B0322DB125900E5E8E7 /* Extensions */ = {
			isa = PBXGroup;
			children = (
				7F95ABD022D59A9100868484 /* Estensions+UIView.swift */,
				7F2E5B0422DB128000E5E8E7 /* VirtualPlane.swift */,
				7F3ED3E322DCE2F60002138C /* HelperState.swift */,
				7F3ED3E722DCE7870002138C /* Extensions+ARSCNView.swift */,
			);
			path = Extensions;
			sourceTree = "<group>";
		};
		7F93AD1C22D47B73007ED2C0 /* Views */ = {
			isa = PBXGroup;
			children = (
				7F1CF8E222CD0E480062DB61 /* Main.storyboard */,
				7F1CF8EA22CD0E490062DB61 /* LaunchScreen.storyboard */,
				7A73B90722D9B9CB002E2231 /* Backup.storyboard */,
			);
			path = Views;
			sourceTree = "<group>";
		};
		7FAC988E22DDC059007F6957 /* Models */ = {
			isa = PBXGroup;
			children = (
				7FAC989922DDC454007F6957 /* GenreModel.swift */,
				7F0F469422DEE15D0023D3F3 /* ObjectGenreModel.swift */,
			);
			path = Models;
			sourceTree = "<group>";
		};
/* End PBXGroup section */

/* Begin PBXNativeTarget section */
		7F1CF8DA22CD0E480062DB61 /* tryangle */ = {
			isa = PBXNativeTarget;
			buildConfigurationList = 7F1CF8F022CD0E490062DB61 /* Build configuration list for PBXNativeTarget "tryangle" */;
			buildPhases = (
				7F1CF8D722CD0E480062DB61 /* Sources */,
				7F1CF8D822CD0E480062DB61 /* Frameworks */,
				7F1CF8D922CD0E480062DB61 /* Resources */,
			);
			buildRules = (
			);
			dependencies = (
			);
			name = tryangle;
			productName = tryangle;
			productReference = 7F1CF8DB22CD0E480062DB61 /* tryangle.app */;
			productType = "com.apple.product-type.application";
		};
/* End PBXNativeTarget section */

/* Begin PBXProject section */
		7F1CF8D322CD0E480062DB61 /* Project object */ = {
			isa = PBXProject;
			attributes = {
				LastSwiftUpdateCheck = 1020;
				LastUpgradeCheck = 1020;
				ORGANIZATIONNAME = mc2kel7;
				TargetAttributes = {
					7F1CF8DA22CD0E480062DB61 = {
						CreatedOnToolsVersion = 10.2.1;
					};
				};
			};
			buildConfigurationList = 7F1CF8D622CD0E480062DB61 /* Build configuration list for PBXProject "tryangle" */;
			compatibilityVersion = "Xcode 9.3";
			developmentRegion = en;
			hasScannedForEncodings = 0;
			knownRegions = (
				en,
				Base,
			);
			mainGroup = 7F1CF8D222CD0E480062DB61;
			productRefGroup = 7F1CF8DC22CD0E480062DB61 /* Products */;
			projectDirPath = "";
			projectRoot = "";
			targets = (
				7F1CF8DA22CD0E480062DB61 /* tryangle */,
			);
		};
/* End PBXProject section */

/* Begin PBXResourcesBuildPhase section */
		7F1CF8D922CD0E480062DB61 /* Resources */ = {
			isa = PBXResourcesBuildPhase;
			buildActionMask = 2147483647;
			files = (
				7F1CF8EC22CD0E490062DB61 /* LaunchScreen.storyboard in Resources */,
				7F3ED3EC22DD067E0002138C /* ObjectMedia.scnassets in Resources */,
				7A73B90E22D9C0E7002E2231 /* Low.jpg in Resources */,
				7A58214C22DC918B004D18BB /* Eye2.jpg in Resources */,
				7A58214B22DC918B004D18BB /* Low2.jpg in Resources */,
				7A58214A22DC918B004D18BB /* High2.jpg in Resources */,
				7F1CF8E922CD0E490062DB61 /* Assets.xcassets in Resources */,
				7A73B90F22D9C0E7002E2231 /* Eye.jpg in Resources */,
				7A73B90822D9B9CB002E2231 /* Backup.storyboard in Resources */,
				7A73B91022D9C0E7002E2231 /* High.jpg in Resources */,
				7F1CF8E422CD0E480062DB61 /* Main.storyboard in Resources */,
			);
			runOnlyForDeploymentPostprocessing = 0;
		};
/* End PBXResourcesBuildPhase section */

/* Begin PBXSourcesBuildPhase section */
		7F1CF8D722CD0E480062DB61 /* Sources */ = {
			isa = PBXSourcesBuildPhase;
			buildActionMask = 2147483647;
			files = (
				7F3ED3E822DCE7870002138C /* Extensions+ARSCNView.swift in Sources */,
				7F1CF8DF22CD0E480062DB61 /* AppDelegate.swift in Sources */,
				7F95ABD122D59A9100868484 /* Estensions+UIView.swift in Sources */,
				7FAC989A22DDC454007F6957 /* GenreModel.swift in Sources */,
				7A08B24922DDBA2700F74673 /* ObjectGenreCell.swift in Sources */,
				7F2E5B0522DB128000E5E8E7 /* VirtualPlane.swift in Sources */,
				7F1CF8F922CD113C0062DB61 /* CameraController.swift in Sources */,
				7F95ABCF22D5994A00868484 /* GenreCell.swift in Sources */,
				7F0F469522DEE15D0023D3F3 /* ObjectGenreModel.swift in Sources */,
				7F1CF8E722CD0E480062DB61 /* tryangle.xcdatamodeld in Sources */,
				7F95ABCC22D593DD00868484 /* GenreController.swift in Sources */,
				7F3ED3E622DCE4B90002138C /* ARSCNCameraView.swift in Sources */,
				7A08B24B22DDBA6700F74673 /* ObjectGenreController.swift in Sources */,
				7A73B90A22D9BFF9002E2231 /* ComparingController.swift in Sources */,
				7F96B68722D869D000FEACDA /* GridCameraView.swift in Sources */,
				7A73B91422D9FDC0002E2231 /* CustomButton.swift in Sources */,
				7A08B24722DDB33C00F74673 /* CustomImageButton.swift in Sources */,
				7A73B91222D9DF15002E2231 /* TipsShareController.swift in Sources */,
				7F3ED3E422DCE2F60002138C /* HelperState.swift in Sources */,
				7F60F4FC22CD29AB00D23178 /* liveCameraView.swift in Sources */,
				7F93AD1E22D47E1A007ED2C0 /* ARCameraController.swift in Sources */,
			);
			runOnlyForDeploymentPostprocessing = 0;
		};
/* End PBXSourcesBuildPhase section */

/* Begin PBXVariantGroup section */
		7F1CF8E222CD0E480062DB61 /* Main.storyboard */ = {
			isa = PBXVariantGroup;
			children = (
				7F1CF8E322CD0E480062DB61 /* Base */,
			);
			name = Main.storyboard;
			sourceTree = "<group>";
		};
		7F1CF8EA22CD0E490062DB61 /* LaunchScreen.storyboard */ = {
			isa = PBXVariantGroup;
			children = (
				7F1CF8EB22CD0E490062DB61 /* Base */,
			);
			name = LaunchScreen.storyboard;
			sourceTree = "<group>";
		};
/* End PBXVariantGroup section */

/* Begin XCBuildConfiguration section */
		7F1CF8EE22CD0E490062DB61 /* Debug */ = {
			isa = XCBuildConfiguration;
			buildSettings = {
				ALWAYS_SEARCH_USER_PATHS = NO;
				CLANG_ANALYZER_NONNULL = YES;
				CLANG_ANALYZER_NUMBER_OBJECT_CONVERSION = YES_AGGRESSIVE;
				CLANG_CXX_LANGUAGE_STANDARD = "gnu++14";
				CLANG_CXX_LIBRARY = "libc++";
				CLANG_ENABLE_MODULES = YES;
				CLANG_ENABLE_OBJC_ARC = YES;
				CLANG_ENABLE_OBJC_WEAK = YES;
				CLANG_WARN_BLOCK_CAPTURE_AUTORELEASING = YES;
				CLANG_WARN_BOOL_CONVERSION = YES;
				CLANG_WARN_COMMA = YES;
				CLANG_WARN_CONSTANT_CONVERSION = YES;
				CLANG_WARN_DEPRECATED_OBJC_IMPLEMENTATIONS = YES;
				CLANG_WARN_DIRECT_OBJC_ISA_USAGE = YES_ERROR;
				CLANG_WARN_DOCUMENTATION_COMMENTS = YES;
				CLANG_WARN_EMPTY_BODY = YES;
				CLANG_WARN_ENUM_CONVERSION = YES;
				CLANG_WARN_INFINITE_RECURSION = YES;
				CLANG_WARN_INT_CONVERSION = YES;
				CLANG_WARN_NON_LITERAL_NULL_CONVERSION = YES;
				CLANG_WARN_OBJC_IMPLICIT_RETAIN_SELF = YES;
				CLANG_WARN_OBJC_LITERAL_CONVERSION = YES;
				CLANG_WARN_OBJC_ROOT_CLASS = YES_ERROR;
				CLANG_WARN_RANGE_LOOP_ANALYSIS = YES;
				CLANG_WARN_STRICT_PROTOTYPES = YES;
				CLANG_WARN_SUSPICIOUS_MOVE = YES;
				CLANG_WARN_UNGUARDED_AVAILABILITY = YES_AGGRESSIVE;
				CLANG_WARN_UNREACHABLE_CODE = YES;
				CLANG_WARN__DUPLICATE_METHOD_MATCH = YES;
				CODE_SIGN_IDENTITY = "iPhone Developer";
				COPY_PHASE_STRIP = NO;
				DEBUG_INFORMATION_FORMAT = dwarf;
				ENABLE_STRICT_OBJC_MSGSEND = YES;
				ENABLE_TESTABILITY = YES;
				GCC_C_LANGUAGE_STANDARD = gnu11;
				GCC_DYNAMIC_NO_PIC = NO;
				GCC_NO_COMMON_BLOCKS = YES;
				GCC_OPTIMIZATION_LEVEL = 0;
				GCC_PREPROCESSOR_DEFINITIONS = (
					"DEBUG=1",
					"$(inherited)",
				);
				GCC_WARN_64_TO_32_BIT_CONVERSION = YES;
				GCC_WARN_ABOUT_RETURN_TYPE = YES_ERROR;
				GCC_WARN_UNDECLARED_SELECTOR = YES;
				GCC_WARN_UNINITIALIZED_AUTOS = YES_AGGRESSIVE;
				GCC_WARN_UNUSED_FUNCTION = YES;
				GCC_WARN_UNUSED_VARIABLE = YES;
				IPHONEOS_DEPLOYMENT_TARGET = 12.2;
				MTL_ENABLE_DEBUG_INFO = INCLUDE_SOURCE;
				MTL_FAST_MATH = YES;
				ONLY_ACTIVE_ARCH = YES;
				SDKROOT = iphoneos;
				SWIFT_ACTIVE_COMPILATION_CONDITIONS = DEBUG;
				SWIFT_OPTIMIZATION_LEVEL = "-Onone";
			};
			name = Debug;
		};
		7F1CF8EF22CD0E490062DB61 /* Release */ = {
			isa = XCBuildConfiguration;
			buildSettings = {
				ALWAYS_SEARCH_USER_PATHS = NO;
				CLANG_ANALYZER_NONNULL = YES;
				CLANG_ANALYZER_NUMBER_OBJECT_CONVERSION = YES_AGGRESSIVE;
				CLANG_CXX_LANGUAGE_STANDARD = "gnu++14";
				CLANG_CXX_LIBRARY = "libc++";
				CLANG_ENABLE_MODULES = YES;
				CLANG_ENABLE_OBJC_ARC = YES;
				CLANG_ENABLE_OBJC_WEAK = YES;
				CLANG_WARN_BLOCK_CAPTURE_AUTORELEASING = YES;
				CLANG_WARN_BOOL_CONVERSION = YES;
				CLANG_WARN_COMMA = YES;
				CLANG_WARN_CONSTANT_CONVERSION = YES;
				CLANG_WARN_DEPRECATED_OBJC_IMPLEMENTATIONS = YES;
				CLANG_WARN_DIRECT_OBJC_ISA_USAGE = YES_ERROR;
				CLANG_WARN_DOCUMENTATION_COMMENTS = YES;
				CLANG_WARN_EMPTY_BODY = YES;
				CLANG_WARN_ENUM_CONVERSION = YES;
				CLANG_WARN_INFINITE_RECURSION = YES;
				CLANG_WARN_INT_CONVERSION = YES;
				CLANG_WARN_NON_LITERAL_NULL_CONVERSION = YES;
				CLANG_WARN_OBJC_IMPLICIT_RETAIN_SELF = YES;
				CLANG_WARN_OBJC_LITERAL_CONVERSION = YES;
				CLANG_WARN_OBJC_ROOT_CLASS = YES_ERROR;
				CLANG_WARN_RANGE_LOOP_ANALYSIS = YES;
				CLANG_WARN_STRICT_PROTOTYPES = YES;
				CLANG_WARN_SUSPICIOUS_MOVE = YES;
				CLANG_WARN_UNGUARDED_AVAILABILITY = YES_AGGRESSIVE;
				CLANG_WARN_UNREACHABLE_CODE = YES;
				CLANG_WARN__DUPLICATE_METHOD_MATCH = YES;
				CODE_SIGN_IDENTITY = "iPhone Developer";
				COPY_PHASE_STRIP = NO;
				DEBUG_INFORMATION_FORMAT = "dwarf-with-dsym";
				ENABLE_NS_ASSERTIONS = NO;
				ENABLE_STRICT_OBJC_MSGSEND = YES;
				GCC_C_LANGUAGE_STANDARD = gnu11;
				GCC_NO_COMMON_BLOCKS = YES;
				GCC_WARN_64_TO_32_BIT_CONVERSION = YES;
				GCC_WARN_ABOUT_RETURN_TYPE = YES_ERROR;
				GCC_WARN_UNDECLARED_SELECTOR = YES;
				GCC_WARN_UNINITIALIZED_AUTOS = YES_AGGRESSIVE;
				GCC_WARN_UNUSED_FUNCTION = YES;
				GCC_WARN_UNUSED_VARIABLE = YES;
				IPHONEOS_DEPLOYMENT_TARGET = 12.2;
				MTL_ENABLE_DEBUG_INFO = NO;
				MTL_FAST_MATH = YES;
				SDKROOT = iphoneos;
				SWIFT_COMPILATION_MODE = wholemodule;
				SWIFT_OPTIMIZATION_LEVEL = "-O";
				VALIDATE_PRODUCT = YES;
			};
			name = Release;
		};
		7F1CF8F122CD0E490062DB61 /* Debug */ = {
			isa = XCBuildConfiguration;
			buildSettings = {
				ASSETCATALOG_COMPILER_APPICON_NAME = AppIcon;
				CODE_SIGN_STYLE = Automatic;
				DEVELOPMENT_TEAM = 497N7524MA;
				INFOPLIST_FILE = tryangle/Info.plist;
				LD_RUNPATH_SEARCH_PATHS = (
					"$(inherited)",
					"@executable_path/Frameworks",
				);
				PRODUCT_BUNDLE_IDENTIFIER = com.mc2kel7.tryangle;
				PRODUCT_NAME = "$(TARGET_NAME)";
				SWIFT_VERSION = 5.0;
				TARGETED_DEVICE_FAMILY = 1;
			};
			name = Debug;
		};
		7F1CF8F222CD0E490062DB61 /* Release */ = {
			isa = XCBuildConfiguration;
			buildSettings = {
				ASSETCATALOG_COMPILER_APPICON_NAME = AppIcon;
				CODE_SIGN_STYLE = Automatic;
				DEVELOPMENT_TEAM = 497N7524MA;
				INFOPLIST_FILE = tryangle/Info.plist;
				LD_RUNPATH_SEARCH_PATHS = (
					"$(inherited)",
					"@executable_path/Frameworks",
				);
				PRODUCT_BUNDLE_IDENTIFIER = com.mc2kel7.tryangle;
				PRODUCT_NAME = "$(TARGET_NAME)";
				SWIFT_VERSION = 5.0;
				TARGETED_DEVICE_FAMILY = 1;
			};
			name = Release;
		};
/* End XCBuildConfiguration section */

/* Begin XCConfigurationList section */
		7F1CF8D622CD0E480062DB61 /* Build configuration list for PBXProject "tryangle" */ = {
			isa = XCConfigurationList;
			buildConfigurations = (
				7F1CF8EE22CD0E490062DB61 /* Debug */,
				7F1CF8EF22CD0E490062DB61 /* Release */,
			);
			defaultConfigurationIsVisible = 0;
			defaultConfigurationName = Release;
		};
		7F1CF8F022CD0E490062DB61 /* Build configuration list for PBXNativeTarget "tryangle" */ = {
			isa = XCConfigurationList;
			buildConfigurations = (
				7F1CF8F122CD0E490062DB61 /* Debug */,
				7F1CF8F222CD0E490062DB61 /* Release */,
			);
			defaultConfigurationIsVisible = 0;
			defaultConfigurationName = Release;
		};
/* End XCConfigurationList section */

/* Begin XCVersionGroup section */
		7F1CF8E522CD0E480062DB61 /* tryangle.xcdatamodeld */ = {
			isa = XCVersionGroup;
			children = (
				7F1CF8E622CD0E480062DB61 /* tryangle.xcdatamodel */,
			);
			currentVersion = 7F1CF8E622CD0E480062DB61 /* tryangle.xcdatamodel */;
			path = tryangle.xcdatamodeld;
			sourceTree = "<group>";
			versionGroupType = wrapper.xcdatamodel;
		};
/* End XCVersionGroup section */
	};
	rootObject = 7F1CF8D322CD0E480062DB61 /* Project object */;
}
